{
  "version": 4,
  "terraform_version": "0.12.24",
  "serial": 11,
  "lineage": "7f3c3b35-aed4-d0bf-f122-53ef2fb3f785",
  "outputs": {},
  "resources": [
    {
      "mode": "managed",
      "type": "azurerm_linux_virtual_machine",
      "name": "myterraformvm",
      "provider": "provider.azurerm",
      "instances": [
        {
          "schema_version": 0,
          "attributes": {
            "additional_capabilities": [],
            "admin_password": "Password1234!",
            "admin_ssh_key": [],
            "admin_username": "azureuser",
            "allow_extension_operations": true,
            "availability_set_id": "",
            "boot_diagnostics": [
              {
                "storage_account_uri": "https://diag208c75a97548140b.blob.core.windows.net/"
              }
            ],
            "computer_name": "myvm",
            "custom_data": null,
            "dedicated_host_id": "",
            "disable_password_authentication": false,
            "encryption_at_host_enabled": false,
            "eviction_policy": "",
            "extensions_time_budget": "PT1H30M",
            "id": "/subscriptions/49d3ec60-54b5-41c0-b240-c0cc7980a4f4/resourceGroups/myResourceGroup/providers/Microsoft.Compute/virtualMachines/myVM",
            "identity": [],
            "location": "eastus",
            "max_bid_price": -1,
            "name": "myVM",
            "network_interface_ids": [
              "/subscriptions/49d3ec60-54b5-41c0-b240-c0cc7980a4f4/resourceGroups/myResourceGroup/providers/Microsoft.Network/networkInterfaces/myNIC"
            ],
            "os_disk": [
              {
                "caching": "ReadWrite",
                "diff_disk_settings": [],
                "disk_encryption_set_id": "",
                "disk_size_gb": 30,
                "name": "myOsDisk",
                "storage_account_type": "Premium_LRS",
                "write_accelerator_enabled": false
              }
            ],
            "plan": [],
            "priority": "Regular",
            "private_ip_address": "10.0.1.4",
            "private_ip_addresses": [
              "10.0.1.4"
            ],
            "provision_vm_agent": true,
            "proximity_placement_group_id": "",
            "public_ip_address": "40.88.10.175",
            "public_ip_addresses": [
              "40.88.10.175"
            ],
            "resource_group_name": "myResourceGroup",
            "secret": [],
            "size": "Standard_DS1_v2",
            "source_image_id": "",
            "source_image_reference": [
              {
                "offer": "UbuntuServer",
                "publisher": "Canonical",
                "sku": "18.04-LTS",
                "version": "latest"
              }
            ],
            "tags": {
              "environment": "Terraform Demo"
            },
            "timeouts": null,
            "virtual_machine_id": "9883f9b3-c819-4f5a-ac41-c3ee9ed3daf8",
            "virtual_machine_scale_set_id": "",
            "zone": ""
          },
          "private": "eyJlMmJmYjczMC1lY2FhLTExZTYtOGY4OC0zNDM2M2JjN2M0YzAiOnsiY3JlYXRlIjoyNzAwMDAwMDAwMDAwLCJkZWxldGUiOjI3MDAwMDAwMDAwMDAsInJlYWQiOjMwMDAwMDAwMDAwMCwidXBkYXRlIjoyNzAwMDAwMDAwMDAwfX0=",
          "dependencies": [
            "azurerm_network_interface.myterraformnic",
            "azurerm_public_ip.myterraformpublicip",
            "azurerm_resource_group.myterraformgroup",
            "azurerm_storage_account.mystorageaccount",
            "azurerm_subnet.myterraformsubnet",
            "azurerm_virtual_network.myterraformnetwork",
            "random_id.randomId"
          ]
        }
      ]
    },
    {
      "mode": "managed",
      "type": "azurerm_network_interface",
      "name": "myterraformnic",
      "provider": "provider.azurerm",
      "instances": [
        {
          "schema_version": 0,
          "attributes": {
            "applied_dns_servers": [],
            "dns_servers": [],
            "enable_accelerated_networking": false,
            "enable_ip_forwarding": false,
            "id": "/subscriptions/49d3ec60-54b5-41c0-b240-c0cc7980a4f4/resourceGroups/myResourceGroup/providers/Microsoft.Network/networkInterfaces/myNIC",
            "internal_dns_name_label": "",
            "internal_domain_name_suffix": "50hqmd5q2okevi5gfvtep3ipuc.bx.internal.cloudapp.net",
            "ip_configuration": [
              {
                "name": "myNicConfiguration",
                "primary": true,
                "private_ip_address": "10.0.1.4",
                "private_ip_address_allocation": "Dynamic",
                "private_ip_address_version": "IPv4",
                "public_ip_address_id": "/subscriptions/49d3ec60-54b5-41c0-b240-c0cc7980a4f4/resourceGroups/myResourceGroup/providers/Microsoft.Network/publicIPAddresses/myPublicIP",
                "subnet_id": "/subscriptions/49d3ec60-54b5-41c0-b240-c0cc7980a4f4/resourceGroups/myResourceGroup/providers/Microsoft.Network/virtualNetworks/myVnet/subnets/mySubnet"
              }
            ],
            "location": "eastus",
            "mac_address": "",
            "name": "myNIC",
            "private_ip_address": "10.0.1.4",
            "private_ip_addresses": [
              "10.0.1.4"
            ],
            "resource_group_name": "myResourceGroup",
            "tags": {
              "environment": "Terraform Demo"
            },
            "timeouts": null,
            "virtual_machine_id": ""
          },
          "private": "eyJlMmJmYjczMC1lY2FhLTExZTYtOGY4OC0zNDM2M2JjN2M0YzAiOnsiY3JlYXRlIjoxODAwMDAwMDAwMDAwLCJkZWxldGUiOjE4MDAwMDAwMDAwMDAsInJlYWQiOjMwMDAwMDAwMDAwMCwidXBkYXRlIjoxODAwMDAwMDAwMDAwfX0=",
          "dependencies": [
            "azurerm_public_ip.myterraformpublicip",
            "azurerm_resource_group.myterraformgroup",
            "azurerm_subnet.myterraformsubnet",
            "azurerm_virtual_network.myterraformnetwork"
          ]
        }
      ]
    },
    {
      "mode": "managed",
      "type": "azurerm_network_interface_security_group_association",
      "name": "example",
      "provider": "provider.azurerm",
      "instances": [
        {
          "schema_version": 0,
          "attributes": {
            "id": "/subscriptions/49d3ec60-54b5-41c0-b240-c0cc7980a4f4/resourceGroups/myResourceGroup/providers/Microsoft.Network/networkInterfaces/myNIC|/subscriptions/49d3ec60-54b5-41c0-b240-c0cc7980a4f4/resourceGroups/myResourceGroup/providers/Microsoft.Network/networkSecurityGroups/myNetworkSecurityGroup",
            "network_interface_id": "/subscriptions/49d3ec60-54b5-41c0-b240-c0cc7980a4f4/resourceGroups/myResourceGroup/providers/Microsoft.Network/networkInterfaces/myNIC",
            "network_security_group_id": "/subscriptions/49d3ec60-54b5-41c0-b240-c0cc7980a4f4/resourceGroups/myResourceGroup/providers/Microsoft.Network/networkSecurityGroups/myNetworkSecurityGroup",
            "timeouts": null
          },
          "private": "eyJlMmJmYjczMC1lY2FhLTExZTYtOGY4OC0zNDM2M2JjN2M0YzAiOnsiY3JlYXRlIjoxODAwMDAwMDAwMDAwLCJkZWxldGUiOjE4MDAwMDAwMDAwMDAsInJlYWQiOjMwMDAwMDAwMDAwMCwidXBkYXRlIjoxODAwMDAwMDAwMDAwfX0=",
          "dependencies": [
            "azurerm_network_interface.myterraformnic",
            "azurerm_network_security_group.myterraformnsg",
            "azurerm_public_ip.myterraformpublicip",
            "azurerm_resource_group.myterraformgroup",
            "azurerm_subnet.myterraformsubnet",
            "azurerm_virtual_network.myterraformnetwork"
          ]
        }
      ]
    },
    {
      "mode": "managed",
      "type": "azurerm_network_security_group",
      "name": "myterraformnsg",
      "provider": "provider.azurerm",
      "instances": [
        {
          "schema_version": 0,
          "attributes": {
            "id": "/subscriptions/49d3ec60-54b5-41c0-b240-c0cc7980a4f4/resourceGroups/myResourceGroup/providers/Microsoft.Network/networkSecurityGroups/myNetworkSecurityGroup",
            "location": "eastus",
            "name": "myNetworkSecurityGroup",
            "resource_group_name": "myResourceGroup",
            "security_rule": [
              {
                "access": "Allow",
                "description": "",
                "destination_address_prefix": "*",
                "destination_address_prefixes": [],
                "destination_application_security_group_ids": [],
                "destination_port_range": "22",
                "destination_port_ranges": [],
                "direction": "Inbound",
                "name": "SSH",
                "priority": 1001,
                "protocol": "Tcp",
                "source_address_prefix": "*",
                "source_address_prefixes": [],
                "source_application_security_group_ids": [],
                "source_port_range": "*",
                "source_port_ranges": []
              }
            ],
            "tags": {
              "environment": "Terraform Demo"
            },
            "timeouts": null
          },
          "private": "eyJlMmJmYjczMC1lY2FhLTExZTYtOGY4OC0zNDM2M2JjN2M0YzAiOnsiY3JlYXRlIjoxODAwMDAwMDAwMDAwLCJkZWxldGUiOjE4MDAwMDAwMDAwMDAsInJlYWQiOjMwMDAwMDAwMDAwMCwidXBkYXRlIjoxODAwMDAwMDAwMDAwfX0=",
          "dependencies": [
            "azurerm_resource_group.myterraformgroup"
          ]
        }
      ]
    },
    {
      "mode": "managed",
      "type": "azurerm_public_ip",
      "name": "myterraformpublicip",
      "provider": "provider.azurerm",
      "instances": [
        {
          "schema_version": 0,
          "attributes": {
            "allocation_method": "Dynamic",
            "domain_name_label": null,
            "fqdn": null,
            "id": "/subscriptions/49d3ec60-54b5-41c0-b240-c0cc7980a4f4/resourceGroups/myResourceGroup/providers/Microsoft.Network/publicIPAddresses/myPublicIP",
            "idle_timeout_in_minutes": 4,
            "ip_address": "",
            "ip_version": "IPv4",
            "location": "eastus",
            "name": "myPublicIP",
            "public_ip_prefix_id": null,
            "resource_group_name": "myResourceGroup",
            "reverse_fqdn": null,
            "sku": "Basic",
            "tags": {
              "environment": "Terraform Demo"
            },
            "timeouts": null,
            "zones": null
          },
          "private": "eyJlMmJmYjczMC1lY2FhLTExZTYtOGY4OC0zNDM2M2JjN2M0YzAiOnsiY3JlYXRlIjoxODAwMDAwMDAwMDAwLCJkZWxldGUiOjE4MDAwMDAwMDAwMDAsInJlYWQiOjMwMDAwMDAwMDAwMCwidXBkYXRlIjoxODAwMDAwMDAwMDAwfX0=",
          "dependencies": [
            "azurerm_resource_group.myterraformgroup"
          ]
        }
      ]
    },
    {
      "mode": "managed",
      "type": "azurerm_resource_group",
      "name": "myterraformgroup",
      "provider": "provider.azurerm",
      "instances": [
        {
          "schema_version": 0,
          "attributes": {
            "id": "/subscriptions/49d3ec60-54b5-41c0-b240-c0cc7980a4f4/resourceGroups/myResourceGroup",
            "location": "eastus",
            "name": "myResourceGroup",
            "tags": {
              "environment": "Terraform Demo"
            },
            "timeouts": null
          },
          "private": "eyJlMmJmYjczMC1lY2FhLTExZTYtOGY4OC0zNDM2M2JjN2M0YzAiOnsiY3JlYXRlIjo1NDAwMDAwMDAwMDAwLCJkZWxldGUiOjU0MDAwMDAwMDAwMDAsInJlYWQiOjMwMDAwMDAwMDAwMCwidXBkYXRlIjo1NDAwMDAwMDAwMDAwfX0="
        }
      ]
    },
    {
      "mode": "managed",
      "type": "azurerm_storage_account",
      "name": "mystorageaccount",
      "provider": "provider.azurerm",
      "instances": [
        {
          "schema_version": 2,
          "attributes": {
            "access_tier": "Hot",
            "account_kind": "StorageV2",
            "account_replication_type": "LRS",
            "account_tier": "Standard",
            "allow_blob_public_access": false,
            "blob_properties": [],
            "custom_domain": [],
            "enable_https_traffic_only": true,
            "id": "/subscriptions/49d3ec60-54b5-41c0-b240-c0cc7980a4f4/resourceGroups/myResourceGroup/providers/Microsoft.Storage/storageAccounts/diag208c75a97548140b",
            "identity": [],
            "is_hns_enabled": false,
            "large_file_share_enabled": null,
            "location": "eastus",
            "min_tls_version": "TLS1_0",
            "name": "diag208c75a97548140b",
            "network_rules": [
              {
                "bypass": [
                  "AzureServices"
                ],
                "default_action": "Allow",
                "ip_rules": [],
                "virtual_network_subnet_ids": []
              }
            ],
            "primary_access_key": "iTjk+/wAl+5ANbxwoVnxCyJqf//CZqElO+v67JRCDW2ceVKAhvH4e3hTdHjKXFS3Lb8hj2yuHbipluzeG0fOzQ==",
            "primary_blob_connection_string": "DefaultEndpointsProtocol=https;BlobEndpoint=https://diag208c75a97548140b.blob.core.windows.net/;AccountName=diag208c75a97548140b;AccountKey=iTjk+/wAl+5ANbxwoVnxCyJqf//CZqElO+v67JRCDW2ceVKAhvH4e3hTdHjKXFS3Lb8hj2yuHbipluzeG0fOzQ==",
            "primary_blob_endpoint": "https://diag208c75a97548140b.blob.core.windows.net/",
            "primary_blob_host": "diag208c75a97548140b.blob.core.windows.net",
            "primary_connection_string": "DefaultEndpointsProtocol=https;AccountName=diag208c75a97548140b;AccountKey=iTjk+/wAl+5ANbxwoVnxCyJqf//CZqElO+v67JRCDW2ceVKAhvH4e3hTdHjKXFS3Lb8hj2yuHbipluzeG0fOzQ==;EndpointSuffix=core.windows.net",
            "primary_dfs_endpoint": "https://diag208c75a97548140b.dfs.core.windows.net/",
            "primary_dfs_host": "diag208c75a97548140b.dfs.core.windows.net",
            "primary_file_endpoint": "https://diag208c75a97548140b.file.core.windows.net/",
            "primary_file_host": "diag208c75a97548140b.file.core.windows.net",
            "primary_location": "eastus",
            "primary_queue_endpoint": "https://diag208c75a97548140b.queue.core.windows.net/",
            "primary_queue_host": "diag208c75a97548140b.queue.core.windows.net",
            "primary_table_endpoint": "https://diag208c75a97548140b.table.core.windows.net/",
            "primary_table_host": "diag208c75a97548140b.table.core.windows.net",
            "primary_web_endpoint": "https://diag208c75a97548140b.z13.web.core.windows.net/",
            "primary_web_host": "diag208c75a97548140b.z13.web.core.windows.net",
            "queue_properties": [
              {
                "cors_rule": [],
                "hour_metrics": [
                  {
                    "enabled": true,
                    "include_apis": true,
                    "retention_policy_days": 7,
                    "version": "1.0"
                  }
                ],
                "logging": [
                  {
                    "delete": false,
                    "read": false,
                    "retention_policy_days": 0,
                    "version": "1.0",
                    "write": false
                  }
                ],
                "minute_metrics": [
                  {
                    "enabled": false,
                    "include_apis": false,
                    "retention_policy_days": 0,
                    "version": "1.0"
                  }
                ]
              }
            ],
            "resource_group_name": "myResourceGroup",
            "secondary_access_key": "H7YYh1jaUgXQug6ejUMWt68w1kJn0DPRMdc4t1xA9l9dINSEEHmw8oF03Z+kyj6fkg0akazH0wXv5ej43ivqHw==",
            "secondary_blob_connection_string": "",
            "secondary_blob_endpoint": null,
            "secondary_blob_host": null,
            "secondary_connection_string": "DefaultEndpointsProtocol=https;AccountName=diag208c75a97548140b;AccountKey=H7YYh1jaUgXQug6ejUMWt68w1kJn0DPRMdc4t1xA9l9dINSEEHmw8oF03Z+kyj6fkg0akazH0wXv5ej43ivqHw==;EndpointSuffix=core.windows.net",
            "secondary_dfs_endpoint": null,
            "secondary_dfs_host": null,
            "secondary_file_endpoint": null,
            "secondary_file_host": null,
            "secondary_location": "",
            "secondary_queue_endpoint": null,
            "secondary_queue_host": null,
            "secondary_table_endpoint": null,
            "secondary_table_host": null,
            "secondary_web_endpoint": null,
            "secondary_web_host": null,
            "static_website": [],
            "tags": {
              "environment": "Terraform Demo"
            },
            "timeouts": null
          },
          "private": "eyJlMmJmYjczMC1lY2FhLTExZTYtOGY4OC0zNDM2M2JjN2M0YzAiOnsiY3JlYXRlIjozNjAwMDAwMDAwMDAwLCJkZWxldGUiOjM2MDAwMDAwMDAwMDAsInJlYWQiOjMwMDAwMDAwMDAwMCwidXBkYXRlIjozNjAwMDAwMDAwMDAwfSwic2NoZW1hX3ZlcnNpb24iOiIyIn0=",
          "dependencies": [
            "azurerm_resource_group.myterraformgroup",
            "random_id.randomId"
          ]
        }
      ]
    },
    {
      "mode": "managed",
      "type": "azurerm_subnet",
      "name": "myterraformsubnet",
      "provider": "provider.azurerm",
      "instances": [
        {
          "schema_version": 0,
          "attributes": {
            "address_prefix": "10.0.1.0/24",
            "address_prefixes": [
              "10.0.1.0/24"
            ],
            "delegation": [],
            "enforce_private_link_endpoint_network_policies": false,
            "enforce_private_link_service_network_policies": false,
            "id": "/subscriptions/49d3ec60-54b5-41c0-b240-c0cc7980a4f4/resourceGroups/myResourceGroup/providers/Microsoft.Network/virtualNetworks/myVnet/subnets/mySubnet",
            "name": "mySubnet",
            "resource_group_name": "myResourceGroup",
            "service_endpoint_policy_ids": null,
            "service_endpoints": null,
            "timeouts": null,
            "virtual_network_name": "myVnet"
          },
          "private": "eyJlMmJmYjczMC1lY2FhLTExZTYtOGY4OC0zNDM2M2JjN2M0YzAiOnsiY3JlYXRlIjoxODAwMDAwMDAwMDAwLCJkZWxldGUiOjE4MDAwMDAwMDAwMDAsInJlYWQiOjMwMDAwMDAwMDAwMCwidXBkYXRlIjoxODAwMDAwMDAwMDAwfX0=",
          "dependencies": [
            "azurerm_resource_group.myterraformgroup",
            "azurerm_virtual_network.myterraformnetwork"
          ]
        }
      ]
    },
    {
      "mode": "managed",
      "type": "azurerm_virtual_network",
      "name": "myterraformnetwork",
      "provider": "provider.azurerm",
      "instances": [
        {
          "schema_version": 0,
          "attributes": {
            "address_space": [
              "10.0.0.0/16"
            ],
            "bgp_community": "",
            "ddos_protection_plan": [],
            "dns_servers": null,
            "guid": "0f068ffe-e3f0-4a94-a3e6-2d6647f50fa2",
            "id": "/subscriptions/49d3ec60-54b5-41c0-b240-c0cc7980a4f4/resourceGroups/myResourceGroup/providers/Microsoft.Network/virtualNetworks/myVnet",
            "location": "eastus",
            "name": "myVnet",
            "resource_group_name": "myResourceGroup",
            "subnet": [],
            "tags": {
              "environment": "Terraform Demo"
            },
            "timeouts": null,
            "vm_protection_enabled": false
          },
          "private": "eyJlMmJmYjczMC1lY2FhLTExZTYtOGY4OC0zNDM2M2JjN2M0YzAiOnsiY3JlYXRlIjoxODAwMDAwMDAwMDAwLCJkZWxldGUiOjE4MDAwMDAwMDAwMDAsInJlYWQiOjMwMDAwMDAwMDAwMCwidXBkYXRlIjoxODAwMDAwMDAwMDAwfX0=",
          "dependencies": [
            "azurerm_resource_group.myterraformgroup"
          ]
        }
      ]
    },
    {
      "mode": "managed",
      "type": "random_id",
      "name": "randomId",
      "provider": "provider.random",
      "instances": [
        {
          "schema_version": 0,
          "attributes": {
            "b64_std": "IIx1qXVIFAs=",
            "b64_url": "IIx1qXVIFAs",
            "byte_length": 8,
            "dec": "2345378876630766603",
            "hex": "208c75a97548140b",
            "id": "IIx1qXVIFAs",
            "keepers": {
              "resource_group": "myResourceGroup"
            },
            "prefix": null
          },
          "private": "bnVsbA==",
          "dependencies": [
            "azurerm_resource_group.myterraformgroup"
          ]
        }
      ]
    }
  ]
}
