{
  "version": 4,
  "terraform_version": "0.12.24",
  "serial": 3,
  "lineage": "eca70716-8c6b-76c4-ca40-fc797d1f0470",
  "outputs": {},
  "resources": [
    {
      "mode": "managed",
      "type": "azurerm_role_assignment",
      "name": "CloudQuickPOCCustomRBACAssignment",
      "provider": "provider.azurerm",
      "instances": [
        {
          "schema_version": 0,
          "attributes": {
            "id": "/subscriptions/49d3ec60-54b5-41c0-b240-c0cc7980a4f4/providers/Microsoft.Authorization/roleAssignments/07693859-2caa-a1aa-0452-0c8a59cabf18",
            "name": "07693859-2caa-a1aa-0452-0c8a59cabf18",
            "principal_id": "ce85eae4-0769-4f77-b1b8-a253f34a6160",
            "principal_type": "User",
            "role_definition_id": "/subscriptions/49d3ec60-54b5-41c0-b240-c0cc7980a4f4/providers/Microsoft.Authorization/roleDefinitions/0a6a1bff-4f69-5440-7b41-9a06924e81cd",
            "role_definition_name": "POC-Custom-RBAC",
            "scope": "/subscriptions/49d3ec60-54b5-41c0-b240-c0cc7980a4f4",
            "skip_service_principal_aad_check": null,
            "timeouts": null
          },
          "private": "eyJlMmJmYjczMC1lY2FhLTExZTYtOGY4OC0zNDM2M2JjN2M0YzAiOnsiY3JlYXRlIjoxODAwMDAwMDAwMDAwLCJkZWxldGUiOjE4MDAwMDAwMDAwMDAsInJlYWQiOjMwMDAwMDAwMDAwMCwidXBkYXRlIjoxODAwMDAwMDAwMDAwfX0=",
          "dependencies": [
            "azurerm_role_definition.CloudQuickPOCCustomRBAC"
          ]
        }
      ]
    },
    {
      "mode": "managed",
      "type": "azurerm_role_definition",
      "name": "CloudQuickPOCCustomRBAC",
      "provider": "provider.azurerm",
      "instances": [
        {
          "schema_version": 1,
          "attributes": {
            "assignable_scopes": [
              "/subscriptions/49d3ec60-54b5-41c0-b240-c0cc7980a4f4"
            ],
            "description": "Created for demo at CLoudQuickPOCs",
            "id": "/subscriptions/49d3ec60-54b5-41c0-b240-c0cc7980a4f4/providers/Microsoft.Authorization/roleDefinitions/0a6a1bff-4f69-5440-7b41-9a06924e81cd|/subscriptions/49d3ec60-54b5-41c0-b240-c0cc7980a4f4",
            "name": "POC-Custom-RBAC",
            "permissions": [
              {
                "actions": [
                  "Microsoft.Support/*"
                ],
                "data_actions": null,
                "not_actions": [],
                "not_data_actions": null
              }
            ],
            "role_definition_id": "0a6a1bff-4f69-5440-7b41-9a06924e81cd",
            "role_definition_resource_id": "/subscriptions/49d3ec60-54b5-41c0-b240-c0cc7980a4f4/providers/Microsoft.Authorization/roleDefinitions/0a6a1bff-4f69-5440-7b41-9a06924e81cd",
            "scope": "/subscriptions/49d3ec60-54b5-41c0-b240-c0cc7980a4f4",
            "timeouts": null
          },
          "private": "eyJlMmJmYjczMC1lY2FhLTExZTYtOGY4OC0zNDM2M2JjN2M0YzAiOnsiY3JlYXRlIjoxODAwMDAwMDAwMDAwLCJkZWxldGUiOjE4MDAwMDAwMDAwMDAsInJlYWQiOjMwMDAwMDAwMDAwMCwidXBkYXRlIjoxODAwMDAwMDAwMDAwfSwic2NoZW1hX3ZlcnNpb24iOiIxIn0="
        }
      ]
    }
  ]
}
